
Microsoft Visual Studio Solution File, Format Version 12.00
# Visual Studio 14
VisualStudioVersion = 14.0.25123.0
MinimumVisualStudioVersion = 10.0.40219.1
Project("{FAE04EC0-301F-11D3-BF4B-00C04F79EFBC}") = "GabEventStore", "GabEventStore\GabEventStore.csproj", "{2F45785F-346B-4CB7-8B27-EB4D5E3737E9}"
EndProject
Project("{F2A71F9B-5D33-465A-A702-920D77279786}") = "EventStore", "EventStore\EventStore.fsproj", "{DF2A0A6D-BB73-4323-A421-7258F500CA27}"
EndProject
Global
	GlobalSection(SolutionConfigurationPlatforms) = preSolution
		Debug|Any CPU = Debug|Any CPU
		Release|Any CPU = Release|Any CPU
	EndGlobalSection
	GlobalSection(ProjectConfigurationPlatforms) = postSolution
		{2F45785F-346B-4CB7-8B27-EB4D5E3737E9}.Debug|Any CPU.ActiveCfg = Debug|Any CPU
		{2F45785F-346B-4CB7-8B27-EB4D5E3737E9}.Debug|Any CPU.Build.0 = Debug|Any CPU
		{2F45785F-346B-4CB7-8B27-EB4D5E3737E9}.Release|Any CPU.ActiveCfg = Release|Any CPU
		{2F45785F-346B-4CB7-8B27-EB4D5E3737E9}.Release|Any CPU.Build.0 = Release|Any CPU
		{DF2A0A6D-BB73-4323-A421-7258F500CA27}.Debug|Any CPU.ActiveCfg = Debug|Any CPU
		{DF2A0A6D-BB73-4323-A421-7258F500CA27}.Debug|Any CPU.Build.0 = Debug|Any CPU
		{DF2A0A6D-BB73-4323-A421-7258F500CA27}.Release|Any CPU.ActiveCfg = Release|Any CPU
		{DF2A0A6D-BB73-4323-A421-7258F500CA27}.Release|Any CPU.Build.0 = Release|Any CPU
	EndGlobalSection
	GlobalSection(SolutionProperties) = preSolution
		HideSolutionNode = FALSE
	EndGlobalSection
EndGlobal
